
Microsoft Visual Studio Solution File, Format Version 12.00
# Visual Studio Version 17
VisualStudioVersion = 17.0.31903.59
MinimumVisualStudioVersion = 10.0.40219.1
Project("{2150E333-8FDC-42A3-9474-1A3956D46DE8}") = "src", "src", "{5E64C0B2-54F2-4FAE-8CD6-271427132654}"
EndProject
Project("{FAE04EC0-301F-11D3-BF4B-00C04F79EFBC}") = "Daleel.Core", "src\Daleel.Core\Daleel.Core.csproj", "{81A38AFC-4211-4D7D-94C9-16F3CDDB940E}"
EndProject
Project("{FAE04EC0-301F-11D3-BF4B-00C04F79EFBC}") = "Daleel.Apify", "src\Daleel.Apify\Daleel.Apify.csproj", "{AAC56056-9563-4297-9381-81F869C5AE17}"
EndProject
Project("{FAE04EC0-301F-11D3-BF4B-00C04F79EFBC}") = "Daleel.Pipeline", "src\Daleel.Pipeline\Daleel.Pipeline.csproj", "{4B83B907-C834-4B42-9EB8-775D68CBD621}"
EndProject
Project("{FAE04EC0-301F-11D3-BF4B-00C04F79EFBC}") = "Daleel.Cli", "src\Daleel.Cli\Daleel.Cli.csproj", "{9FD42339-6CDE-4FE6-AE49-0E4667508484}"
EndProject
Project("{2150E333-8FDC-42A3-9474-1A3956D46DE8}") = "tests", "tests", "{B6B259E8-FFA7-4668-A6ED-F41B4EA63025}"
EndProject
Project("{FAE04EC0-301F-11D3-BF4B-00C04F79EFBC}") = "Daleel.Core.Tests", "tests\Daleel.Core.Tests\Daleel.Core.Tests.csproj", "{FF442F5C-9B27-49BD-A751-C845D12F47EF}"
EndProject
Project("{FAE04EC0-301F-11D3-BF4B-00C04F79EFBC}") = "Daleel.Pipeline.Tests", "tests\Daleel.Pipeline.Tests\Daleel.Pipeline.Tests.csproj", "{CBF88443-2147-415C-9760-52AE158F91FF}"
EndProject
Project("{FAE04EC0-301F-11D3-BF4B-00C04F79EFBC}") = "Daleel.Search", "src\Daleel.Search\Daleel.Search.csproj", "{AE93828E-92EC-4044-8D0C-DA1332C785B8}"
EndProject
Project("{FAE04EC0-301F-11D3-BF4B-00C04F79EFBC}") = "Daleel.Agent", "src\Daleel.Agent\Daleel.Agent.csproj", "{30851836-A82A-42FA-8538-AC122DDB0976}"
EndProject
Project("{FAE04EC0-301F-11D3-BF4B-00C04F79EFBC}") = "Daleel.Agent.Tests", "tests\Daleel.Agent.Tests\Daleel.Agent.Tests.csproj", "{2ED26491-C4D8-4136-82AE-EB90C652D55E}"
EndProject
Project("{FAE04EC0-301F-11D3-BF4B-00C04F79EFBC}") = "Daleel.Search.Tests", "tests\Daleel.Search.Tests\Daleel.Search.Tests.csproj", "{93F92A6D-66F9-46C7-B448-AD755991E5EA}"
EndProject
Project("{FAE04EC0-301F-11D3-BF4B-00C04F79EFBC}") = "Daleel.Web", "src\Daleel.Web\Daleel.Web.csproj", "{5728029E-E104-4065-B170-FC2792C1336B}"
EndProject
Project("{FAE04EC0-301F-11D3-BF4B-00C04F79EFBC}") = "Daleel.Web.Client", "src\Daleel.Web.Client\Daleel.Web.Client.csproj", "{18A4B426-308F-4174-ACA2-E2F8FE0CA73D}"
EndProject
Project("{FAE04EC0-301F-11D3-BF4B-00C04F79EFBC}") = "Daleel.Web.Tests", "tests\Daleel.Web.Tests\Daleel.Web.Tests.csproj", "{320153FF-194A-4B8A-8DFD-F1318D890256}"
EndProject
Global
	GlobalSection(SolutionConfigurationPlatforms) = preSolution
		Debug|Any CPU = Debug|Any CPU
		Release|Any CPU = Release|Any CPU
	EndGlobalSection
	GlobalSection(SolutionProperties) = preSolution
		HideSolutionNode = FALSE
	EndGlobalSection
	GlobalSection(ProjectConfigurationPlatforms) = postSolution
		{81A38AFC-4211-4D7D-94C9-16F3CDDB940E}.Debug|Any CPU.ActiveCfg = Debug|Any CPU
		{81A38AFC-4211-4D7D-94C9-16F3CDDB940E}.Debug|Any CPU.Build.0 = Debug|Any CPU
		{81A38AFC-4211-4D7D-94C9-16F3CDDB940E}.Release|Any CPU.ActiveCfg = Release|Any CPU
		{81A38AFC-4211-4D7D-94C9-16F3CDDB940E}.Release|Any CPU.Build.0 = Release|Any CPU
		{AAC56056-9563-4297-9381-81F869C5AE17}.Debug|Any CPU.ActiveCfg = Debug|Any CPU
		{AAC56056-9563-4297-9381-81F869C5AE17}.Debug|Any CPU.Build.0 = Debug|Any CPU
		{AAC56056-9563-4297-9381-81F869C5AE17}.Release|Any CPU.ActiveCfg = Release|Any CPU
		{AAC56056-9563-4297-9381-81F869C5AE17}.Release|Any CPU.Build.0 = Release|Any CPU
		{4B83B907-C834-4B42-9EB8-775D68CBD621}.Debug|Any CPU.ActiveCfg = Debug|Any CPU
		{4B83B907-C834-4B42-9EB8-775D68CBD621}.Debug|Any CPU.Build.0 = Debug|Any CPU
		{4B83B907-C834-4B42-9EB8-775D68CBD621}.Release|Any CPU.ActiveCfg = Release|Any CPU
		{4B83B907-C834-4B42-9EB8-775D68CBD621}.Release|Any CPU.Build.0 = Release|Any CPU
		{9FD42339-6CDE-4FE6-AE49-0E4667508484}.Debug|Any CPU.ActiveCfg = Debug|Any CPU
		{9FD42339-6CDE-4FE6-AE49-0E4667508484}.Debug|Any CPU.Build.0 = Debug|Any CPU
		{9FD42339-6CDE-4FE6-AE49-0E4667508484}.Release|Any CPU.ActiveCfg = Release|Any CPU
		{9FD42339-6CDE-4FE6-AE49-0E4667508484}.Release|Any CPU.Build.0 = Release|Any CPU
		{FF442F5C-9B27-49BD-A751-C845D12F47EF}.Debug|Any CPU.ActiveCfg = Debug|Any CPU
		{FF442F5C-9B27-49BD-A751-C845D12F47EF}.Debug|Any CPU.Build.0 = Debug|Any CPU
		{FF442F5C-9B27-49BD-A751-C845D12F47EF}.Release|Any CPU.ActiveCfg = Release|Any CPU
		{FF442F5C-9B27-49BD-A751-C845D12F47EF}.Release|Any CPU.Build.0 = Release|Any CPU
		{CBF88443-2147-415C-9760-52AE158F91FF}.Debug|Any CPU.ActiveCfg = Debug|Any CPU
		{CBF88443-2147-415C-9760-52AE158F91FF}.Debug|Any CPU.Build.0 = Debug|Any CPU
		{CBF88443-2147-415C-9760-52AE158F91FF}.Release|Any CPU.ActiveCfg = Release|Any CPU
		{CBF88443-2147-415C-9760-52AE158F91FF}.Release|Any CPU.Build.0 = Release|Any CPU
		{AE93828E-92EC-4044-8D0C-DA1332C785B8}.Debug|Any CPU.ActiveCfg = Debug|Any CPU
		{AE93828E-92EC-4044-8D0C-DA1332C785B8}.Debug|Any CPU.Build.0 = Debug|Any CPU
		{AE93828E-92EC-4044-8D0C-DA1332C785B8}.Release|Any CPU.ActiveCfg = Release|Any CPU
		{AE93828E-92EC-4044-8D0C-DA1332C785B8}.Release|Any CPU.Build.0 = Release|Any CPU
		{30851836-A82A-42FA-8538-AC122DDB0976}.Debug|Any CPU.ActiveCfg = Debug|Any CPU
		{30851836-A82A-42FA-8538-AC122DDB0976}.Debug|Any CPU.Build.0 = Debug|Any CPU
		{30851836-A82A-42FA-8538-AC122DDB0976}.Release|Any CPU.ActiveCfg = Release|Any CPU
		{30851836-A82A-42FA-8538-AC122DDB0976}.Release|Any CPU.Build.0 = Release|Any CPU
		{2ED26491-C4D8-4136-82AE-EB90C652D55E}.Debug|Any CPU.ActiveCfg = Debug|Any CPU
		{2ED26491-C4D8-4136-82AE-EB90C652D55E}.Debug|Any CPU.Build.0 = Debug|Any CPU
		{2ED26491-C4D8-4136-82AE-EB90C652D55E}.Release|Any CPU.ActiveCfg = Release|Any CPU
		{2ED26491-C4D8-4136-82AE-EB90C652D55E}.Release|Any CPU.Build.0 = Release|Any CPU
		{93F92A6D-66F9-46C7-B448-AD755991E5EA}.Debug|Any CPU.ActiveCfg = Debug|Any CPU
		{93F92A6D-66F9-46C7-B448-AD755991E5EA}.Debug|Any CPU.Build.0 = Debug|Any CPU
		{93F92A6D-66F9-46C7-B448-AD755991E5EA}.Release|Any CPU.ActiveCfg = Release|Any CPU
		{93F92A6D-66F9-46C7-B448-AD755991E5EA}.Release|Any CPU.Build.0 = Release|Any CPU
		{5728029E-E104-4065-B170-FC2792C1336B}.Debug|Any CPU.ActiveCfg = Debug|Any CPU
		{5728029E-E104-4065-B170-FC2792C1336B}.Debug|Any CPU.Build.0 = Debug|Any CPU
		{5728029E-E104-4065-B170-FC2792C1336B}.Release|Any CPU.ActiveCfg = Release|Any CPU
		{5728029E-E104-4065-B170-FC2792C1336B}.Release|Any CPU.Build.0 = Release|Any CPU
		{18A4B426-308F-4174-ACA2-E2F8FE0CA73D}.Debug|Any CPU.ActiveCfg = Debug|Any CPU
		{18A4B426-308F-4174-ACA2-E2F8FE0CA73D}.Debug|Any CPU.Build.0 = Debug|Any CPU
		{18A4B426-308F-4174-ACA2-E2F8FE0CA73D}.Release|Any CPU.ActiveCfg = Release|Any CPU
		{18A4B426-308F-4174-ACA2-E2F8FE0CA73D}.Release|Any CPU.Build.0 = Release|Any CPU
		{320153FF-194A-4B8A-8DFD-F1318D890256}.Debug|Any CPU.ActiveCfg = Debug|Any CPU
		{320153FF-194A-4B8A-8DFD-F1318D890256}.Debug|Any CPU.Build.0 = Debug|Any CPU
		{320153FF-194A-4B8A-8DFD-F1318D890256}.Release|Any CPU.ActiveCfg = Release|Any CPU
		{320153FF-194A-4B8A-8DFD-F1318D890256}.Release|Any CPU.Build.0 = Release|Any CPU
	EndGlobalSection
	GlobalSection(NestedProjects) = preSolution
		{81A38AFC-4211-4D7D-94C9-16F3CDDB940E} = {5E64C0B2-54F2-4FAE-8CD6-271427132654}
		{AAC56056-9563-4297-9381-81F869C5AE17} = {5E64C0B2-54F2-4FAE-8CD6-271427132654}
		{4B83B907-C834-4B42-9EB8-775D68CBD621} = {5E64C0B2-54F2-4FAE-8CD6-271427132654}
		{9FD42339-6CDE-4FE6-AE49-0E4667508484} = {5E64C0B2-54F2-4FAE-8CD6-271427132654}
		{FF442F5C-9B27-49BD-A751-C845D12F47EF} = {B6B259E8-FFA7-4668-A6ED-F41B4EA63025}
		{CBF88443-2147-415C-9760-52AE158F91FF} = {B6B259E8-FFA7-4668-A6ED-F41B4EA63025}
		{AE93828E-92EC-4044-8D0C-DA1332C785B8} = {5E64C0B2-54F2-4FAE-8CD6-271427132654}
		{30851836-A82A-42FA-8538-AC122DDB0976} = {5E64C0B2-54F2-4FAE-8CD6-271427132654}
		{2ED26491-C4D8-4136-82AE-EB90C652D55E} = {B6B259E8-FFA7-4668-A6ED-F41B4EA63025}
		{93F92A6D-66F9-46C7-B448-AD755991E5EA} = {B6B259E8-FFA7-4668-A6ED-F41B4EA63025}
		{5728029E-E104-4065-B170-FC2792C1336B} = {5E64C0B2-54F2-4FAE-8CD6-271427132654}
		{18A4B426-308F-4174-ACA2-E2F8FE0CA73D} = {5E64C0B2-54F2-4FAE-8CD6-271427132654}
		{320153FF-194A-4B8A-8DFD-F1318D890256} = {B6B259E8-FFA7-4668-A6ED-F41B4EA63025}
	EndGlobalSection
EndGlobal
